<?xml version="1.0" encoding="utf-8"?>
<Project ToolsVersion="4.0" xmlns="http://schemas.microsoft.com/developer/msbuild/2003">
  <ItemGroup>
    <Filter Include="Source Files">
      <UniqueIdentifier>{4FC737F1-C7A5-4376-A066-2A32D752A2FF}</UniqueIdentifier>
      <Extensions>cpp;c;cc;cxx;c++;def;odl;idl;hpj;bat;asm;asmx</Extensions>
    </Filter>
    <Filter Include="Header Files">
      <UniqueIdentifier>{93995380-89BD-4b04-88EB-625FBE52EBFB}</UniqueIdentifier>
      <Extensions>h;hh;hpp;hxx;h++;hm;inl;inc;ipp;xsd</Extensions>
    </Filter>
    <Filter Include="Resource Files">
      <UniqueIdentifier>{67DA6AB6-F800-4c08-8B7A-83BB121AAD01}</UniqueIdentifier>
      <Extensions>rc;ico;cur;bmp;dlg;rc2;rct;bin;rgs;gif;jpg;jpeg;jpe;resx;tiff;tif;png;wav;mfcribbon-ms</Extensions>
    </Filter>
    <Filter Include="JUCE Library Code">
      <UniqueIdentifier>{a106bc92-d838-47c5-93a7-16cd01808eee}</UniqueIdentifier>
    </Filter>
    <Filter Include="Engine Source">
      <UniqueIdentifier>{ad272cae-a9e6-438f-9f2a-f921123d99ef}</UniqueIdentifier>
    </Filter>
  </ItemGroup>
  <ItemGroup>
    <ClCompile Include="..\..\juce\include_juce_audio_basics.cpp">
      <Filter>JUCE Library Code</Filter>
    </ClCompile>
    <ClCompile Include="..\..\juce\include_juce_audio_devices.cpp">
      <Filter>JUCE Library Code</Filter>
    </ClCompile>
    <ClCompile Include="..\..\juce\include_juce_audio_formats.cpp">
      <Filter>JUCE Library Code</Filter>
    </ClCompile>
    <ClCompile Include="..\..\juce\include_juce_audio_processors.cpp">
      <Filter>JUCE Library Code</Filter>
    </ClCompile>
    <ClCompile Include="..\..\juce\include_juce_audio_utils.cpp">
      <Filter>JUCE Library Code</Filter>
    </ClCompile>
    <ClCompile Include="..\..\juce\include_juce_core.cpp">
      <Filter>JUCE Library Code</Filter>
    </ClCompile>
    <ClCompile Include="..\..\juce\include_juce_data_structures.cpp">
      <Filter>JUCE Library Code</Filter>
    </ClCompile>
    <ClCompile Include="..\..\juce\include_juce_dsp.cpp">
      <Filter>JUCE Library Code</Filter>
    </ClCompile>
    <ClCompile Include="..\..\juce\include_juce_events.cpp">
      <Filter>JUCE Library Code</Filter>
    </ClCompile>
    <ClCompile Include="..\..\juce\include_juce_graphics.cpp">
      <Filter>JUCE Library Code</Filter>
    </ClCompile>
    <ClCompile Include="..\..\juce\include_juce_gui_basics.cpp">
      <Filter>JUCE Library Code</Filter>
    </ClCompile>
    <ClCompile Include="..\..\juce\include_juce_gui_extra.cpp">
      <Filter>JUCE Library Code</Filter>
    </ClCompile>
    <ClCompile Include="..\..\src\Deck.cpp">
      <Filter>Engine Source</Filter>
    </ClCompile>
    <ClCompile Include="..\..\src\Medley.cpp">
      <Filter>Engine Source</Filter>
    </ClCompile>
    <ClCompile Include="..\..\src\MiniMP3AudioFormat.cpp">
      <Filter>Engine Source</Filter>
    </ClCompile>
    <ClCompile Include="..\..\src\MiniMP3AudioFormatReader.cpp">
      <Filter>Engine Source</Filter>
    </ClCompile>
    <ClCompile Include="..\..\src\LevelTracker.cpp">
      <Filter>Engine Source</Filter>
    </ClCompile>
    <ClCompile Include="..\..\src\LevelSmoother.cpp">
      <Filter>Engine Source</Filter>
    </ClCompile>
    <ClCompile Include="..\..\src\PostProcessor.cpp">
      <Filter>Engine Source</Filter>
    </ClCompile>
    <ClCompile Include="medley-playground.cpp">
      <Filter>Source Files</Filter>
    </ClCompile>
    <ClCompile Include="..\..\src\ReductionCalculator.cpp">
      <Filter>Engine Source</Filter>
    </ClCompile>
    <ClCompile Include="..\..\src\LookAheadLimiter.cpp">
      <Filter>Engine Source</Filter>
    </ClCompile>
    <ClCompile Include="..\..\src\LookAheadReduction.cpp">
      <Filter>Engine Source</Filter>
    </ClCompile>
    <ClCompile Include="..\..\src\utils.cpp">
      <Filter>Engine Source</Filter>
    </ClCompile>
    <ClCompile Include="..\..\juce\include_juce_opengl.cpp">
      <Filter>JUCE Library Code</Filter>
    </ClCompile>
    <ClCompile Include="..\..\src\Fader.cpp">
      <Filter>Engine Source</Filter>
    </ClCompile>
    <ClCompile Include="..\..\src\Metadata.cpp">
      <Filter>Engine Source</Filter>
    </ClCompile>
  </ItemGroup>
  <ItemGroup>
    <ClInclude Include="..\..\juce\JuceHeader.h">
      <Filter>JUCE Library Code</Filter>
    </ClInclude>
    <ClInclude Include="..\..\src\Deck.h">
      <Filter>Engine Source</Filter>
    </ClInclude>
    <ClInclude Include="..\..\src\Medley.h">
      <Filter>Engine Source</Filter>
    </ClInclude>
    <ClInclude Include="..\..\src\ITrack.h">
      <Filter>Engine Source</Filter>
    </ClInclude>
    <ClInclude Include="..\..\src\MiniMP3AudioFormat.h">
      <Filter>Engine Source</Filter>
    </ClInclude>
    <ClInclude Include="..\..\src\MiniMP3AudioFormatReader.h">
      <Filter>Engine Source</Filter>
    </ClInclude>
    <ClInclude Include="..\..\src\LevelTracker.h">
      <Filter>Engine Source</Filter>
    </ClInclude>
    <ClInclude Include="..\..\src\LevelSmoother.h">
      <Filter>Engine Source</Filter>
    </ClInclude>
    <ClInclude Include="..\..\src\PostProcessor.h">
      <Filter>Engine Source</Filter>
    </ClInclude>
    <ClInclude Include="..\..\src\ReductionCalculator.h">
      <Filter>Engine Source</Filter>
    </ClInclude>
    <ClInclude Include="..\..\src\LookAheadLimiter.h">
      <Filter>Engine Source</Filter>
    </ClInclude>
    <ClInclude Include="..\..\src\LookAheadReduction.h">
      <Filter>Engine Source</Filter>
    </ClInclude>
    <ClInclude Include="..\..\src\utils.h">
      <Filter>Engine Source</Filter>
    </ClInclude>
    <ClInclude Include="..\..\src\Fader.h">
      <Filter>Engine Source</Filter>
    </ClInclude>
    <ClInclude Include="..\..\src\Metadata.h">
      <Filter>Engine Source</Filter>
    </ClInclude>
  </ItemGroup>
</Project>